
Microsoft Visual Studio Solution File, Format Version 12.00
# Visual Studio 2013
VisualStudioVersion = 12.0.31101.0
MinimumVisualStudioVersion = 10.0.40219.1
Project("{FAE04EC0-301F-11D3-BF4B-00C04F79EFBC}") = "NightValeSite", "NightValeSite\NightValeSite.csproj", "{F7DE34AC-2D27-474B-A0C0-83FE829E97FD}"
EndProject
Global
	GlobalSection(SolutionConfigurationPlatforms) = preSolution
		Debug|Any CPU = Debug|Any CPU
		Release|Any CPU = Release|Any CPU
	EndGlobalSection
	GlobalSection(ProjectConfigurationPlatforms) = postSolution
		{F7DE34AC-2D27-474B-A0C0-83FE829E97FD}.Debug|Any CPU.ActiveCfg = Debug|Any CPU
		{F7DE34AC-2D27-474B-A0C0-83FE829E97FD}.Debug|Any CPU.Build.0 = Debug|Any CPU
		{F7DE34AC-2D27-474B-A0C0-83FE829E97FD}.Release|Any CPU.ActiveCfg = Release|Any CPU
		{F7DE34AC-2D27-474B-A0C0-83FE829E97FD}.Release|Any CPU.Build.0 = Release|Any CPU
	EndGlobalSection
	GlobalSection(SolutionProperties) = preSolution
		HideSolutionNode = FALSE
	EndGlobalSection
EndGlobal
