
Microsoft Visual Studio Solution File, Format Version 12.00
# Visual Studio 2013
VisualStudioVersion = 12.0.31101.0
MinimumVisualStudioVersion = 10.0.40219.1
Project("{FAE04EC0-301F-11D3-BF4B-00C04F79EFBC}") = "NightValeSite", "NightValeSite\NightValeSite.csproj", "{6A2D472A-DBF0-4EEA-B536-B399ACDC3C4E}"
EndProject
Global
	GlobalSection(SolutionConfigurationPlatforms) = preSolution
		Debug|Any CPU = Debug|Any CPU
		Release|Any CPU = Release|Any CPU
	EndGlobalSection
	GlobalSection(ProjectConfigurationPlatforms) = postSolution
		{6A2D472A-DBF0-4EEA-B536-B399ACDC3C4E}.Debug|Any CPU.ActiveCfg = Debug|Any CPU
		{6A2D472A-DBF0-4EEA-B536-B399ACDC3C4E}.Debug|Any CPU.Build.0 = Debug|Any CPU
		{6A2D472A-DBF0-4EEA-B536-B399ACDC3C4E}.Release|Any CPU.ActiveCfg = Release|Any CPU
		{6A2D472A-DBF0-4EEA-B536-B399ACDC3C4E}.Release|Any CPU.Build.0 = Release|Any CPU
	EndGlobalSection
	GlobalSection(SolutionProperties) = preSolution
		HideSolutionNode = FALSE
	EndGlobalSection
EndGlobal
